// !$*UTF8*$!
{
	archiveVersion = 1;
	classes = {
	};
	objectVersion = 46;
	objects = {

/* Begin PBXBuildFile section */
		C3059F8E1429CA560070FCBA /* UIKit.framework in Frameworks */ = {isa = PBXBuildFile; fileRef = C3059F8D1429CA560070FCBA /* UIKit.framework */; };
		C3059F901429CA560070FCBA /* Foundation.framework in Frameworks */ = {isa = PBXBuildFile; fileRef = C3059F8F1429CA560070FCBA /* Foundation.framework */; };
		C3059F921429CA560070FCBA /* CoreGraphics.framework in Frameworks */ = {isa = PBXBuildFile; fileRef = C3059F911429CA560070FCBA /* CoreGraphics.framework */; };
		C3059F981429CA560070FCBA /* InfoPlist.strings in Resources */ = {isa = PBXBuildFile; fileRef = C3059F961429CA560070FCBA /* InfoPlist.strings */; };
		C3059F9B1429CA560070FCBA /* main.m in Sources */ = {isa = PBXBuildFile; fileRef = C3059F9A1429CA560070FCBA /* main.m */; };
		C3059F9E1429CA560070FCBA /* iaptest01AppDelegate.m in Sources */ = {isa = PBXBuildFile; fileRef = C3059F9D1429CA560070FCBA /* iaptest01AppDelegate.m */; };
		C3059FA11429CA560070FCBA /* MainWindow.xib in Resources */ = {isa = PBXBuildFile; fileRef = C3059F9F1429CA560070FCBA /* MainWindow.xib */; };
		C3059FBE142AD50E0070FCBA /* RERoarEngine.m in Sources */ = {isa = PBXBuildFile; fileRef = C3059FBD142AD50D0070FCBA /* RERoarEngine.m */; };
		C3059FC1142ADEB10070FCBA /* REUtils.m in Sources */ = {isa = PBXBuildFile; fileRef = C3059FC0142ADEB10070FCBA /* REUtils.m */; };
		C3059FC3142AE62C0070FCBA /* StoreKit.framework in Frameworks */ = {isa = PBXBuildFile; fileRef = C3059FC2142AE62C0070FCBA /* StoreKit.framework */; };
		C3059FC5142AEBEB0070FCBA /* libxml2.dylib in Frameworks */ = {isa = PBXBuildFile; fileRef = C3059FC4142AEBEB0070FCBA /* libxml2.dylib */; };
		C3059FC8142AF5200070FCBA /* REHttpDelegate.m in Sources */ = {isa = PBXBuildFile; fileRef = C3059FC7142AF51F0070FCBA /* REHttpDelegate.m */; };
		C31C01F4142C4F5B0066D1E2 /* IAPListViewController.m in Sources */ = {isa = PBXBuildFile; fileRef = C31C01F2142C4F5B0066D1E2 /* IAPListViewController.m */; };
		C31C01F5142C4F5B0066D1E2 /* IAPListViewController.xib in Resources */ = {isa = PBXBuildFile; fileRef = C31C01F3142C4F5B0066D1E2 /* IAPListViewController.xib */; };
		C31C01FC142C5D9F0066D1E2 /* IAPDetailViewController.m in Sources */ = {isa = PBXBuildFile; fileRef = C31C01FA142C5D9E0066D1E2 /* IAPDetailViewController.m */; };
		C31C01FD142C5D9F0066D1E2 /* IAPDetailViewController.xib in Resources */ = {isa = PBXBuildFile; fileRef = C31C01FB142C5D9E0066D1E2 /* IAPDetailViewController.xib */; };
		C31C0200142C66880066D1E2 /* IAPListCell.m in Sources */ = {isa = PBXBuildFile; fileRef = C31C01FF142C66880066D1E2 /* IAPListCell.m */; };
		C32C4990142C7C1D0033CDC9 /* failed.png in Resources */ = {isa = PBXBuildFile; fileRef = C32C498F142C7C1D0033CDC9 /* failed.png */; };
		C32C4994142C7C2F0033CDC9 /* ok.png in Resources */ = {isa = PBXBuildFile; fileRef = C32C4992142C7C2F0033CDC9 /* ok.png */; };
		C32C499D142CAD370033CDC9 /* unknown01.png in Resources */ = {isa = PBXBuildFile; fileRef = C32C4996142CAD370033CDC9 /* unknown01.png */; };
		C32C499E142CAD370033CDC9 /* unknown02.png in Resources */ = {isa = PBXBuildFile; fileRef = C32C4997142CAD370033CDC9 /* unknown02.png */; };
		C32C499F142CAD370033CDC9 /* unknown03.png in Resources */ = {isa = PBXBuildFile; fileRef = C32C4998142CAD370033CDC9 /* unknown03.png */; };
		C32C49A0142CAD370033CDC9 /* unknown04.png in Resources */ = {isa = PBXBuildFile; fileRef = C32C4999142CAD370033CDC9 /* unknown04.png */; };
		C32C49A1142CAD370033CDC9 /* unknown05.png in Resources */ = {isa = PBXBuildFile; fileRef = C32C499A142CAD370033CDC9 /* unknown05.png */; };
		C32C49A2142CAD370033CDC9 /* unknown06.png in Resources */ = {isa = PBXBuildFile; fileRef = C32C499B142CAD370033CDC9 /* unknown06.png */; };
		C32C49A3142CAD370033CDC9 /* unknown07.png in Resources */ = {isa = PBXBuildFile; fileRef = C32C499C142CAD370033CDC9 /* unknown07.png */; };
/* End PBXBuildFile section */

/* Begin PBXFileReference section */
		C3059F891429CA560070FCBA /* iaptest01.app */ = {isa = PBXFileReference; explicitFileType = wrapper.application; includeInIndex = 0; path = iaptest01.app; sourceTree = BUILT_PRODUCTS_DIR; };
		C3059F8D1429CA560070FCBA /* UIKit.framework */ = {isa = PBXFileReference; lastKnownFileType = wrapper.framework; name = UIKit.framework; path = System/Library/Frameworks/UIKit.framework; sourceTree = SDKROOT; };
		C3059F8F1429CA560070FCBA /* Foundation.framework */ = {isa = PBXFileReference; lastKnownFileType = wrapper.framework; name = Foundation.framework; path = System/Library/Frameworks/Foundation.framework; sourceTree = SDKROOT; };
		C3059F911429CA560070FCBA /* CoreGraphics.framework */ = {isa = PBXFileReference; lastKnownFileType = wrapper.framework; name = CoreGraphics.framework; path = System/Library/Frameworks/CoreGraphics.framework; sourceTree = SDKROOT; };
		C3059F951429CA560070FCBA /* iaptest01-Info.plist */ = {isa = PBXFileReference; lastKnownFileType = text.plist.xml; path = "iaptest01-Info.plist"; sourceTree = "<group>"; };
		C3059F971429CA560070FCBA /* en */ = {isa = PBXFileReference; lastKnownFileType = text.plist.strings; name = en; path = en.lproj/InfoPlist.strings; sourceTree = "<group>"; };
		C3059F991429CA560070FCBA /* iaptest01-Prefix.pch */ = {isa = PBXFileReference; lastKnownFileType = sourcecode.c.h; path = "iaptest01-Prefix.pch"; sourceTree = "<group>"; };
		C3059F9A1429CA560070FCBA /* main.m */ = {isa = PBXFileReference; lastKnownFileType = sourcecode.c.objc; path = main.m; sourceTree = "<group>"; };
		C3059F9C1429CA560070FCBA /* iaptest01AppDelegate.h */ = {isa = PBXFileReference; lastKnownFileType = sourcecode.c.h; path = iaptest01AppDelegate.h; sourceTree = "<group>"; };
		C3059F9D1429CA560070FCBA /* iaptest01AppDelegate.m */ = {isa = PBXFileReference; lastKnownFileType = sourcecode.c.objc; path = iaptest01AppDelegate.m; sourceTree = "<group>"; };
		C3059FA01429CA560070FCBA /* en */ = {isa = PBXFileReference; lastKnownFileType = file.xib; name = en; path = en.lproj/MainWindow.xib; sourceTree = "<group>"; };
		C3059FBC142AD50D0070FCBA /* RERoarEngine.h */ = {isa = PBXFileReference; fileEncoding = 4; lastKnownFileType = sourcecode.c.h; path = RERoarEngine.h; sourceTree = "<group>"; };
		C3059FBD142AD50D0070FCBA /* RERoarEngine.m */ = {isa = PBXFileReference; fileEncoding = 4; lastKnownFileType = sourcecode.c.objc; path = RERoarEngine.m; sourceTree = "<group>"; };
		C3059FBF142ADEB10070FCBA /* REUtils.h */ = {isa = PBXFileReference; fileEncoding = 4; lastKnownFileType = sourcecode.c.h; path = REUtils.h; sourceTree = "<group>"; };
		C3059FC0142ADEB10070FCBA /* REUtils.m */ = {isa = PBXFileReference; fileEncoding = 4; lastKnownFileType = sourcecode.c.objc; path = REUtils.m; sourceTree = "<group>"; };
		C3059FC2142AE62C0070FCBA /* StoreKit.framework */ = {isa = PBXFileReference; lastKnownFileType = wrapper.framework; name = StoreKit.framework; path = System/Library/Frameworks/StoreKit.framework; sourceTree = SDKROOT; };
		C3059FC4142AEBEB0070FCBA /* libxml2.dylib */ = {isa = PBXFileReference; lastKnownFileType = "compiled.mach-o.dylib"; name = libxml2.dylib; path = usr/lib/libxml2.dylib; sourceTree = SDKROOT; };
		C3059FC6142AF51F0070FCBA /* REHttpDelegate.h */ = {isa = PBXFileReference; fileEncoding = 4; lastKnownFileType = sourcecode.c.h; path = REHttpDelegate.h; sourceTree = "<group>"; };
		C3059FC7142AF51F0070FCBA /* REHttpDelegate.m */ = {isa = PBXFileReference; fileEncoding = 4; lastKnownFileType = sourcecode.c.objc; path = REHttpDelegate.m; sourceTree = "<group>"; };
		C31C01F1142C4F5B0066D1E2 /* IAPListViewController.h */ = {isa = PBXFileReference; fileEncoding = 4; lastKnownFileType = sourcecode.c.h; path = IAPListViewController.h; sourceTree = "<group>"; };
		C31C01F2142C4F5B0066D1E2 /* IAPListViewController.m */ = {isa = PBXFileReference; fileEncoding = 4; lastKnownFileType = sourcecode.c.objc; path = IAPListViewController.m; sourceTree = "<group>"; };
		C31C01F3142C4F5B0066D1E2 /* IAPListViewController.xib */ = {isa = PBXFileReference; fileEncoding = 4; lastKnownFileType = file.xib; path = IAPListViewController.xib; sourceTree = "<group>"; };
		C31C01F9142C5D9E0066D1E2 /* IAPDetailViewController.h */ = {isa = PBXFileReference; fileEncoding = 4; lastKnownFileType = sourcecode.c.h; path = IAPDetailViewController.h; sourceTree = "<group>"; };
		C31C01FA142C5D9E0066D1E2 /* IAPDetailViewController.m */ = {isa = PBXFileReference; fileEncoding = 4; lastKnownFileType = sourcecode.c.objc; path = IAPDetailViewController.m; sourceTree = "<group>"; };
		C31C01FB142C5D9E0066D1E2 /* IAPDetailViewController.xib */ = {isa = PBXFileReference; fileEncoding = 4; lastKnownFileType = file.xib; path = IAPDetailViewController.xib; sourceTree = "<group>"; };
		C31C01FE142C66870066D1E2 /* IAPListCell.h */ = {isa = PBXFileReference; fileEncoding = 4; lastKnownFileType = sourcecode.c.h; path = IAPListCell.h; sourceTree = "<group>"; };
		C31C01FF142C66880066D1E2 /* IAPListCell.m */ = {isa = PBXFileReference; fileEncoding = 4; lastKnownFileType = sourcecode.c.objc; path = IAPListCell.m; sourceTree = "<group>"; };
		C32C498F142C7C1D0033CDC9 /* failed.png */ = {isa = PBXFileReference; lastKnownFileType = image.png; path = failed.png; sourceTree = "<group>"; };
		C32C4992142C7C2F0033CDC9 /* ok.png */ = {isa = PBXFileReference; lastKnownFileType = image.png; path = ok.png; sourceTree = "<group>"; };
		C32C4996142CAD370033CDC9 /* unknown01.png */ = {isa = PBXFileReference; lastKnownFileType = image.png; path = unknown01.png; sourceTree = "<group>"; };
		C32C4997142CAD370033CDC9 /* unknown02.png */ = {isa = PBXFileReference; lastKnownFileType = image.png; path = unknown02.png; sourceTree = "<group>"; };
		C32C4998142CAD370033CDC9 /* unknown03.png */ = {isa = PBXFileReference; lastKnownFileType = image.png; path = unknown03.png; sourceTree = "<group>"; };
		C32C4999142CAD370033CDC9 /* unknown04.png */ = {isa = PBXFileReference; lastKnownFileType = image.png; path = unknown04.png; sourceTree = "<group>"; };
		C32C499A142CAD370033CDC9 /* unknown05.png */ = {isa = PBXFileReference; lastKnownFileType = image.png; path = unknown05.png; sourceTree = "<group>"; };
		C32C499B142CAD370033CDC9 /* unknown06.png */ = {isa = PBXFileReference; lastKnownFileType = image.png; path = unknown06.png; sourceTree = "<group>"; };
		C32C499C142CAD370033CDC9 /* unknown07.png */ = {isa = PBXFileReference; lastKnownFileType = image.png; path = unknown07.png; sourceTree = "<group>"; };
/* End PBXFileReference section */

/* Begin PBXFrameworksBuildPhase section */
		C3059F861429CA560070FCBA /* Frameworks */ = {
			isa = PBXFrameworksBuildPhase;
			buildActionMask = 2147483647;
			files = (
				C3059F8E1429CA560070FCBA /* UIKit.framework in Frameworks */,
				C3059F901429CA560070FCBA /* Foundation.framework in Frameworks */,
				C3059F921429CA560070FCBA /* CoreGraphics.framework in Frameworks */,
				C3059FC3142AE62C0070FCBA /* StoreKit.framework in Frameworks */,
				C3059FC5142AEBEB0070FCBA /* libxml2.dylib in Frameworks */,
			);
			runOnlyForDeploymentPostprocessing = 0;
		};
/* End PBXFrameworksBuildPhase section */

/* Begin PBXGroup section */
		C3059F7E1429CA560070FCBA = {
			isa = PBXGroup;
			children = (
				C3059F931429CA560070FCBA /* iaptest01 */,
				C3059F8C1429CA560070FCBA /* Frameworks */,
				C3059F8A1429CA560070FCBA /* Products */,
			);
			sourceTree = "<group>";
		};
		C3059F8A1429CA560070FCBA /* Products */ = {
			isa = PBXGroup;
			children = (
				C3059F891429CA560070FCBA /* iaptest01.app */,
			);
			name = Products;
			sourceTree = "<group>";
		};
		C3059F8C1429CA560070FCBA /* Frameworks */ = {
			isa = PBXGroup;
			children = (
				C3059FC2142AE62C0070FCBA /* StoreKit.framework */,
				C3059F8D1429CA560070FCBA /* UIKit.framework */,
				C3059F8F1429CA560070FCBA /* Foundation.framework */,
				C3059F911429CA560070FCBA /* CoreGraphics.framework */,
			);
			name = Frameworks;
			sourceTree = "<group>";
		};
		C3059F931429CA560070FCBA /* iaptest01 */ = {
			isa = PBXGroup;
			children = (
				C32C4992142C7C2F0033CDC9 /* ok.png */,
				C32C498F142C7C1D0033CDC9 /* failed.png */,
				C32C4996142CAD370033CDC9 /* unknown01.png */,
				C32C4997142CAD370033CDC9 /* unknown02.png */,
				C32C4998142CAD370033CDC9 /* unknown03.png */,
				C32C4999142CAD370033CDC9 /* unknown04.png */,
				C32C499A142CAD370033CDC9 /* unknown05.png */,
				C32C499B142CAD370033CDC9 /* unknown06.png */,
				C32C499C142CAD370033CDC9 /* unknown07.png */,
				C3059F9C1429CA560070FCBA /* iaptest01AppDelegate.h */,
				C3059F9D1429CA560070FCBA /* iaptest01AppDelegate.m */,
				C3059F9F1429CA560070FCBA /* MainWindow.xib */,
				C3059F941429CA560070FCBA /* Supporting Files */,
				C3059FBC142AD50D0070FCBA /* RERoarEngine.h */,
				C3059FBD142AD50D0070FCBA /* RERoarEngine.m */,
				C3059FBF142ADEB10070FCBA /* REUtils.h */,
				C3059FC0142ADEB10070FCBA /* REUtils.m */,
				C3059FC4142AEBEB0070FCBA /* libxml2.dylib */,
				C3059FC6142AF51F0070FCBA /* REHttpDelegate.h */,
				C3059FC7142AF51F0070FCBA /* REHttpDelegate.m */,
				C31C01F1142C4F5B0066D1E2 /* IAPListViewController.h */,
				C31C01F2142C4F5B0066D1E2 /* IAPListViewController.m */,
				C31C01F3142C4F5B0066D1E2 /* IAPListViewController.xib */,
				C31C01F9142C5D9E0066D1E2 /* IAPDetailViewController.h */,
				C31C01FA142C5D9E0066D1E2 /* IAPDetailViewController.m */,
				C31C01FB142C5D9E0066D1E2 /* IAPDetailViewController.xib */,
				C31C01FE142C66870066D1E2 /* IAPListCell.h */,
				C31C01FF142C66880066D1E2 /* IAPListCell.m */,
			);
			path = iaptest01;
			sourceTree = "<group>";
		};
		C3059F941429CA560070FCBA /* Supporting Files */ = {
			isa = PBXGroup;
			children = (
				C3059F951429CA560070FCBA /* iaptest01-Info.plist */,
				C3059F961429CA560070FCBA /* InfoPlist.strings */,
				C3059F991429CA560070FCBA /* iaptest01-Prefix.pch */,
				C3059F9A1429CA560070FCBA /* main.m */,
			);
			name = "Supporting Files";
			sourceTree = "<group>";
		};
/* End PBXGroup section */

/* Begin PBXNativeTarget section */
		C3059F881429CA560070FCBA /* iaptest01 */ = {
			isa = PBXNativeTarget;
			buildConfigurationList = C3059FA41429CA560070FCBA /* Build configuration list for PBXNativeTarget "iaptest01" */;
			buildPhases = (
				C3059F851429CA560070FCBA /* Sources */,
				C3059F861429CA560070FCBA /* Frameworks */,
				C3059F871429CA560070FCBA /* Resources */,
			);
			buildRules = (
			);
			dependencies = (
			);
			name = iaptest01;
			productName = iaptest01;
			productReference = C3059F891429CA560070FCBA /* iaptest01.app */;
			productType = "com.apple.product-type.application";
		};
/* End PBXNativeTarget section */

/* Begin PBXProject section */
		C3059F801429CA560070FCBA /* Project object */ = {
			isa = PBXProject;
			buildConfigurationList = C3059F831429CA560070FCBA /* Build configuration list for PBXProject "iaptest01" */;
			compatibilityVersion = "Xcode 3.2";
			developmentRegion = English;
			hasScannedForEncodings = 0;
			knownRegions = (
				en,
			);
			mainGroup = C3059F7E1429CA560070FCBA;
			productRefGroup = C3059F8A1429CA560070FCBA /* Products */;
			projectDirPath = "";
			projectRoot = "";
			targets = (
				C3059F881429CA560070FCBA /* iaptest01 */,
			);
		};
/* End PBXProject section */

/* Begin PBXResourcesBuildPhase section */
		C3059F871429CA560070FCBA /* Resources */ = {
			isa = PBXResourcesBuildPhase;
			buildActionMask = 2147483647;
			files = (
				C3059F981429CA560070FCBA /* InfoPlist.strings in Resources */,
				C3059FA11429CA560070FCBA /* MainWindow.xib in Resources */,
				C31C01F5142C4F5B0066D1E2 /* IAPListViewController.xib in Resources */,
				C31C01FD142C5D9F0066D1E2 /* IAPDetailViewController.xib in Resources */,
				C32C4990142C7C1D0033CDC9 /* failed.png in Resources */,
				C32C4994142C7C2F0033CDC9 /* ok.png in Resources */,
				C32C499D142CAD370033CDC9 /* unknown01.png in Resources */,
				C32C499E142CAD370033CDC9 /* unknown02.png in Resources */,
				C32C499F142CAD370033CDC9 /* unknown03.png in Resources */,
				C32C49A0142CAD370033CDC9 /* unknown04.png in Resources */,
				C32C49A1142CAD370033CDC9 /* unknown05.png in Resources */,
				C32C49A2142CAD370033CDC9 /* unknown06.png in Resources */,
				C32C49A3142CAD370033CDC9 /* unknown07.png in Resources */,
			);
			runOnlyForDeploymentPostprocessing = 0;
		};
/* End PBXResourcesBuildPhase section */

/* Begin PBXSourcesBuildPhase section */
		C3059F851429CA560070FCBA /* Sources */ = {
			isa = PBXSourcesBuildPhase;
			buildActionMask = 2147483647;
			files = (
				C3059F9B1429CA560070FCBA /* main.m in Sources */,
				C3059F9E1429CA560070FCBA /* iaptest01AppDelegate.m in Sources */,
				C3059FBE142AD50E0070FCBA /* RERoarEngine.m in Sources */,
				C3059FC1142ADEB10070FCBA /* REUtils.m in Sources */,
				C3059FC8142AF5200070FCBA /* REHttpDelegate.m in Sources */,
				C31C01F4142C4F5B0066D1E2 /* IAPListViewController.m in Sources */,
				C31C01FC142C5D9F0066D1E2 /* IAPDetailViewController.m in Sources */,
				C31C0200142C66880066D1E2 /* IAPListCell.m in Sources */,
			);
			runOnlyForDeploymentPostprocessing = 0;
		};
/* End PBXSourcesBuildPhase section */

/* Begin PBXVariantGroup section */
		C3059F961429CA560070FCBA /* InfoPlist.strings */ = {
			isa = PBXVariantGroup;
			children = (
				C3059F971429CA560070FCBA /* en */,
			);
			name = InfoPlist.strings;
			sourceTree = "<group>";
		};
		C3059F9F1429CA560070FCBA /* MainWindow.xib */ = {
			isa = PBXVariantGroup;
			children = (
				C3059FA01429CA560070FCBA /* en */,
			);
			name = MainWindow.xib;
			sourceTree = "<group>";
		};
/* End PBXVariantGroup section */

/* Begin XCBuildConfiguration section */
		C3059FA21429CA560070FCBA /* Debug */ = {
			isa = XCBuildConfiguration;
			buildSettings = {
				ARCHS = "$(ARCHS_STANDARD_32_BIT)";
				"CODE_SIGN_IDENTITY[sdk=iphoneos*]" = "iPhone Developer";
				GCC_C_LANGUAGE_STANDARD = gnu99;
				GCC_OPTIMIZATION_LEVEL = 0;
				GCC_PREPROCESSOR_DEFINITIONS = DEBUG;
				GCC_SYMBOLS_PRIVATE_EXTERN = NO;
				GCC_VERSION = com.apple.compilers.llvmgcc42;
				GCC_WARN_ABOUT_RETURN_TYPE = YES;
				GCC_WARN_UNUSED_VARIABLE = YES;
				IPHONEOS_DEPLOYMENT_TARGET = 4.3;
				SDKROOT = iphoneos;
			};
			name = Debug;
		};
		C3059FA31429CA560070FCBA /* Release */ = {
			isa = XCBuildConfiguration;
			buildSettings = {
				ARCHS = "$(ARCHS_STANDARD_32_BIT)";
				"CODE_SIGN_IDENTITY[sdk=iphoneos*]" = "iPhone Developer";
				GCC_C_LANGUAGE_STANDARD = gnu99;
				GCC_VERSION = com.apple.compilers.llvmgcc42;
				GCC_WARN_ABOUT_RETURN_TYPE = YES;
				GCC_WARN_UNUSED_VARIABLE = YES;
				IPHONEOS_DEPLOYMENT_TARGET = 4.3;
				OTHER_CFLAGS = "-DNS_BLOCK_ASSERTIONS=1";
				SDKROOT = iphoneos;
			};
			name = Release;
		};
		C3059FA51429CA560070FCBA /* Debug */ = {
			isa = XCBuildConfiguration;
			buildSettings = {
				COPY_PHASE_STRIP = NO;
				GCC_DYNAMIC_NO_PIC = NO;
				GCC_PRECOMPILE_PREFIX_HEADER = YES;
				GCC_PREFIX_HEADER = "iaptest01/iaptest01-Prefix.pch";
				HEADER_SEARCH_PATHS = /Developer/Platforms/iPhoneOS.platform/Developer/SDKs/iPhoneOS4.3.sdk/usr/include/libxml2/;
				INFOPLIST_FILE = "iaptest01/iaptest01-Info.plist";
				PRODUCT_NAME = "$(TARGET_NAME)";
				WRAPPER_EXTENSION = app;
			};
			name = Debug;
		};
		C3059FA61429CA560070FCBA /* Release */ = {
			isa = XCBuildConfiguration;
			buildSettings = {
				COPY_PHASE_STRIP = YES;
				GCC_PRECOMPILE_PREFIX_HEADER = YES;
				GCC_PREFIX_HEADER = "iaptest01/iaptest01-Prefix.pch";
				HEADER_SEARCH_PATHS = /Developer/Platforms/iPhoneOS.platform/Developer/SDKs/iPhoneOS4.3.sdk/usr/include/libxml2/;
				INFOPLIST_FILE = "iaptest01/iaptest01-Info.plist";
				PRODUCT_NAME = "$(TARGET_NAME)";
				VALIDATE_PRODUCT = YES;
				WRAPPER_EXTENSION = app;
			};
			name = Release;
		};
/* End XCBuildConfiguration section */

/* Begin XCConfigurationList section */
		C3059F831429CA560070FCBA /* Build configuration list for PBXProject "iaptest01" */ = {
			isa = XCConfigurationList;
			buildConfigurations = (
				C3059FA21429CA560070FCBA /* Debug */,
				C3059FA31429CA560070FCBA /* Release */,
			);
			defaultConfigurationIsVisible = 0;
			defaultConfigurationName = Release;
		};
		C3059FA41429CA560070FCBA /* Build configuration list for PBXNativeTarget "iaptest01" */ = {
			isa = XCConfigurationList;
			buildConfigurations = (
				C3059FA51429CA560070FCBA /* Debug */,
				C3059FA61429CA560070FCBA /* Release */,
			);
			defaultConfigurationIsVisible = 0;
			defaultConfigurationName = Release;
		};
/* End XCConfigurationList section */
	};
	rootObject = C3059F801429CA560070FCBA /* Project object */;
}
